
Microsoft Visual Studio Solution File, Format Version 12.00
# Visual Studio Version 17
VisualStudioVersion = 17.0.31903.59
MinimumVisualStudioVersion = 10.0.40219.1
Project("{FAE04EC0-301F-11D3-BF4B-00C04F79EFBC}") = "MovieWatch.Api", "MovieWatch.Api\MovieWatch.Api.csproj", "{E69B8DD2-395C-45BE-9355-CFDD8EF2B5F8}"
EndProject
Project("{FAE04EC0-301F-11D3-BF4B-00C04F79EFBC}") = "MovieWatch.Data", "MovieWatch.Data\MovieWatch.Data.csproj", "{A9636217-33DC-41D3-BF64-7B3C3435B9C7}"
EndProject
Project("{FAE04EC0-301F-11D3-BF4B-00C04F79EFBC}") = "MovieWatch.Services", "MovieWatch.Services\MovieWatch.Services.csproj", "{33ADC65F-D170-4423-B764-D6A10FAC988E}"
EndProject
Global
	GlobalSection(SolutionConfigurationPlatforms) = preSolution
		Debug|Any CPU = Debug|Any CPU
		Release|Any CPU = Release|Any CPU
	EndGlobalSection
	GlobalSection(SolutionProperties) = preSolution
		HideSolutionNode = FALSE
	EndGlobalSection
	GlobalSection(ProjectConfigurationPlatforms) = postSolution
		{E69B8DD2-395C-45BE-9355-CFDD8EF2B5F8}.Debug|Any CPU.ActiveCfg = Debug|Any CPU
		{E69B8DD2-395C-45BE-9355-CFDD8EF2B5F8}.Debug|Any CPU.Build.0 = Debug|Any CPU
		{E69B8DD2-395C-45BE-9355-CFDD8EF2B5F8}.Release|Any CPU.ActiveCfg = Release|Any CPU
		{E69B8DD2-395C-45BE-9355-CFDD8EF2B5F8}.Release|Any CPU.Build.0 = Release|Any CPU
		{A9636217-33DC-41D3-BF64-7B3C3435B9C7}.Debug|Any CPU.ActiveCfg = Debug|Any CPU
		{A9636217-33DC-41D3-BF64-7B3C3435B9C7}.Debug|Any CPU.Build.0 = Debug|Any CPU
		{A9636217-33DC-41D3-BF64-7B3C3435B9C7}.Release|Any CPU.ActiveCfg = Release|Any CPU
		{A9636217-33DC-41D3-BF64-7B3C3435B9C7}.Release|Any CPU.Build.0 = Release|Any CPU
		{33ADC65F-D170-4423-B764-D6A10FAC988E}.Debug|Any CPU.ActiveCfg = Debug|Any CPU
		{33ADC65F-D170-4423-B764-D6A10FAC988E}.Debug|Any CPU.Build.0 = Debug|Any CPU
		{33ADC65F-D170-4423-B764-D6A10FAC988E}.Release|Any CPU.ActiveCfg = Release|Any CPU
		{33ADC65F-D170-4423-B764-D6A10FAC988E}.Release|Any CPU.Build.0 = Release|Any CPU
	EndGlobalSection
EndGlobal
